
Microsoft Visual Studio Solution File, Format Version 12.00
# Visual Studio Version 17
VisualStudioVersion = 17.4.33213.308
MinimumVisualStudioVersion = 10.0.40219.1
Project("{2150E333-8FDC-42A3-9474-1A3956D46DE8}") = "Framework", "Framework", "{29F8844D-3B39-4CC7-8502-19310854A064}"
EndProject
Project("{2150E333-8FDC-42A3-9474-1A3956D46DE8}") = "Presentation", "Presentation", "{6CD59175-6606-4E1A-B171-CF631615BF0F}"
EndProject
Project("{2150E333-8FDC-42A3-9474-1A3956D46DE8}") = "Tests", "Tests", "{69D5B1B9-1EF1-47EC-8FAF-88D5D2CF0A2C}"
EndProject
Project("{2150E333-8FDC-42A3-9474-1A3956D46DE8}") = ".nuget", ".nuget", "{FA2A0638-E389-435D-8355-65F3DD471EDA}"
	ProjectSection(SolutionItems) = preProject
		.nuget\NuGet.Config = .nuget\NuGet.Config
		.nuget\NuGet.exe = .nuget\NuGet.exe
		.nuget\NuGet.targets = .nuget\NuGet.targets
	EndProjectSection
EndProject
Project("{9A19103F-16F7-4668-BE54-9A1E7A4F7556}") = "org.ohdsi.cdm.presentation.lambdabuilder", "Presentation\org.ohdsi.cdm.presentation.lambdabuilder\org.ohdsi.cdm.presentation.lambdabuilder.csproj", "{B3442102-EEAC-4883-BE74-9CF1826F5A28}"
EndProject
Project("{9A19103F-16F7-4668-BE54-9A1E7A4F7556}") = "org.ohdsi.cdm.presentation.lambdamerge", "Presentation\org.ohdsi.cdm.presentation.lambdamerge\org.ohdsi.cdm.presentation.lambdamerge.csproj", "{F5CD7EED-59FB-4A2C-A72C-2F489A24FE44}"
EndProject
Project("{9A19103F-16F7-4668-BE54-9A1E7A4F7556}") = "org.ohdsi.cdm.presentation.etl", "Presentation\org.ohdsi.cdm.presentation.etl2\org.ohdsi.cdm.presentation.etl.csproj", "{2655DEA9-D04C-44A7-8206-D6E6873D5128}"
EndProject
Project("{9A19103F-16F7-4668-BE54-9A1E7A4F7556}") = "RunETL", "Tests\RunETL\RunETL.csproj", "{4AF7100D-09D8-4D8B-8237-501F1994ED11}"
EndProject
Project("{9A19103F-16F7-4668-BE54-9A1E7A4F7556}") = "RunLocal", "Tests\RunLocal\RunLocal.csproj", "{C357C5F3-1F29-45A8-B13C-3B1D30CF4295}"
EndProject
Project("{9A19103F-16F7-4668-BE54-9A1E7A4F7556}") = "org.ohdsi.cdm.framework.etl", "Framework\org.ohdsi.cdm.framework.etl\org.ohdsi.cdm.framework.etl.csproj", "{8460548C-48CF-4673-BB8C-46A7BDBE0BDA}"
EndProject
Project("{9A19103F-16F7-4668-BE54-9A1E7A4F7556}") = "org.ohdsi.cdm.framework", "Framework\org.ohdsi.cdm.framework\org.ohdsi.cdm.framework.csproj", "{214F9843-9033-489C-B26F-5D4AB45F4C52}"
EndProject
Project("{FAE04EC0-301F-11D3-BF4B-00C04F79EFBC}") = "RunValidation", "RunValidation\RunValidation.csproj", "{52816524-F59A-49D4-A59E-622590CF2857}"
EndProject
Global
	GlobalSection(SolutionConfigurationPlatforms) = preSolution
		Debug|Any CPU = Debug|Any CPU
		Debug|Mixed Platforms = Debug|Mixed Platforms
		Debug|x64 = Debug|x64
		Debug|x86 = Debug|x86
		Release|Any CPU = Release|Any CPU
		Release|Mixed Platforms = Release|Mixed Platforms
		Release|x64 = Release|x64
		Release|x86 = Release|x86
		x64 Solution Configuration|Any CPU = x64 Solution Configuration|Any CPU
		x64 Solution Configuration|Mixed Platforms = x64 Solution Configuration|Mixed Platforms
		x64 Solution Configuration|x64 = x64 Solution Configuration|x64
		x64 Solution Configuration|x86 = x64 Solution Configuration|x86
	EndGlobalSection
	GlobalSection(ProjectConfigurationPlatforms) = postSolution
		{B3442102-EEAC-4883-BE74-9CF1826F5A28}.Debug|Any CPU.ActiveCfg = Debug|Any CPU
		{B3442102-EEAC-4883-BE74-9CF1826F5A28}.Debug|Any CPU.Build.0 = Debug|Any CPU
		{B3442102-EEAC-4883-BE74-9CF1826F5A28}.Debug|Mixed Platforms.ActiveCfg = Debug|Any CPU
		{B3442102-EEAC-4883-BE74-9CF1826F5A28}.Debug|Mixed Platforms.Build.0 = Debug|Any CPU
		{B3442102-EEAC-4883-BE74-9CF1826F5A28}.Debug|x64.ActiveCfg = Debug|Any CPU
		{B3442102-EEAC-4883-BE74-9CF1826F5A28}.Debug|x64.Build.0 = Debug|Any CPU
		{B3442102-EEAC-4883-BE74-9CF1826F5A28}.Debug|x86.ActiveCfg = Debug|x86
		{B3442102-EEAC-4883-BE74-9CF1826F5A28}.Debug|x86.Build.0 = Debug|x86
		{B3442102-EEAC-4883-BE74-9CF1826F5A28}.Release|Any CPU.ActiveCfg = Release|Any CPU
		{B3442102-EEAC-4883-BE74-9CF1826F5A28}.Release|Any CPU.Build.0 = Release|Any CPU
		{B3442102-EEAC-4883-BE74-9CF1826F5A28}.Release|Mixed Platforms.ActiveCfg = Release|x86
		{B3442102-EEAC-4883-BE74-9CF1826F5A28}.Release|Mixed Platforms.Build.0 = Release|x86
		{B3442102-EEAC-4883-BE74-9CF1826F5A28}.Release|x64.ActiveCfg = Release|Any CPU
		{B3442102-EEAC-4883-BE74-9CF1826F5A28}.Release|x64.Build.0 = Release|Any CPU
		{B3442102-EEAC-4883-BE74-9CF1826F5A28}.Release|x86.ActiveCfg = Release|x86
		{B3442102-EEAC-4883-BE74-9CF1826F5A28}.Release|x86.Build.0 = Release|x86
		{B3442102-EEAC-4883-BE74-9CF1826F5A28}.x64 Solution Configuration|Any CPU.ActiveCfg = Debug|Any CPU
		{B3442102-EEAC-4883-BE74-9CF1826F5A28}.x64 Solution Configuration|Any CPU.Build.0 = Debug|Any CPU
		{B3442102-EEAC-4883-BE74-9CF1826F5A28}.x64 Solution Configuration|Mixed Platforms.ActiveCfg = Release|x86
		{B3442102-EEAC-4883-BE74-9CF1826F5A28}.x64 Solution Configuration|Mixed Platforms.Build.0 = Release|x86
		{B3442102-EEAC-4883-BE74-9CF1826F5A28}.x64 Solution Configuration|x64.ActiveCfg = Release|x64
		{B3442102-EEAC-4883-BE74-9CF1826F5A28}.x64 Solution Configuration|x64.Build.0 = Release|x64
		{B3442102-EEAC-4883-BE74-9CF1826F5A28}.x64 Solution Configuration|x86.ActiveCfg = Release|x86
		{B3442102-EEAC-4883-BE74-9CF1826F5A28}.x64 Solution Configuration|x86.Build.0 = Release|x86
		{F5CD7EED-59FB-4A2C-A72C-2F489A24FE44}.Debug|Any CPU.ActiveCfg = Debug|Any CPU
		{F5CD7EED-59FB-4A2C-A72C-2F489A24FE44}.Debug|Any CPU.Build.0 = Debug|Any CPU
		{F5CD7EED-59FB-4A2C-A72C-2F489A24FE44}.Debug|Mixed Platforms.ActiveCfg = Debug|Any CPU
		{F5CD7EED-59FB-4A2C-A72C-2F489A24FE44}.Debug|Mixed Platforms.Build.0 = Debug|Any CPU
		{F5CD7EED-59FB-4A2C-A72C-2F489A24FE44}.Debug|x64.ActiveCfg = Debug|Any CPU
		{F5CD7EED-59FB-4A2C-A72C-2F489A24FE44}.Debug|x64.Build.0 = Debug|Any CPU
		{F5CD7EED-59FB-4A2C-A72C-2F489A24FE44}.Debug|x86.ActiveCfg = Debug|Any CPU
		{F5CD7EED-59FB-4A2C-A72C-2F489A24FE44}.Debug|x86.Build.0 = Debug|Any CPU
		{F5CD7EED-59FB-4A2C-A72C-2F489A24FE44}.Release|Any CPU.ActiveCfg = Release|Any CPU
		{F5CD7EED-59FB-4A2C-A72C-2F489A24FE44}.Release|Any CPU.Build.0 = Release|Any CPU
		{F5CD7EED-59FB-4A2C-A72C-2F489A24FE44}.Release|Mixed Platforms.ActiveCfg = Release|Any CPU
		{F5CD7EED-59FB-4A2C-A72C-2F489A24FE44}.Release|Mixed Platforms.Build.0 = Release|Any CPU
		{F5CD7EED-59FB-4A2C-A72C-2F489A24FE44}.Release|x64.ActiveCfg = Release|Any CPU
		{F5CD7EED-59FB-4A2C-A72C-2F489A24FE44}.Release|x64.Build.0 = Release|Any CPU
		{F5CD7EED-59FB-4A2C-A72C-2F489A24FE44}.Release|x86.ActiveCfg = Release|Any CPU
		{F5CD7EED-59FB-4A2C-A72C-2F489A24FE44}.Release|x86.Build.0 = Release|Any CPU
		{F5CD7EED-59FB-4A2C-A72C-2F489A24FE44}.x64 Solution Configuration|Any CPU.ActiveCfg = Debug|Any CPU
		{F5CD7EED-59FB-4A2C-A72C-2F489A24FE44}.x64 Solution Configuration|Any CPU.Build.0 = Debug|Any CPU
		{F5CD7EED-59FB-4A2C-A72C-2F489A24FE44}.x64 Solution Configuration|Mixed Platforms.ActiveCfg = Debug|Any CPU
		{F5CD7EED-59FB-4A2C-A72C-2F489A24FE44}.x64 Solution Configuration|Mixed Platforms.Build.0 = Debug|Any CPU
		{F5CD7EED-59FB-4A2C-A72C-2F489A24FE44}.x64 Solution Configuration|x64.ActiveCfg = Debug|Any CPU
		{F5CD7EED-59FB-4A2C-A72C-2F489A24FE44}.x64 Solution Configuration|x64.Build.0 = Debug|Any CPU
		{F5CD7EED-59FB-4A2C-A72C-2F489A24FE44}.x64 Solution Configuration|x86.ActiveCfg = Debug|Any CPU
		{F5CD7EED-59FB-4A2C-A72C-2F489A24FE44}.x64 Solution Configuration|x86.Build.0 = Debug|Any CPU
		{2655DEA9-D04C-44A7-8206-D6E6873D5128}.Debug|Any CPU.ActiveCfg = Debug|Any CPU
		{2655DEA9-D04C-44A7-8206-D6E6873D5128}.Debug|Any CPU.Build.0 = Debug|Any CPU
		{2655DEA9-D04C-44A7-8206-D6E6873D5128}.Debug|Mixed Platforms.ActiveCfg = Debug|Any CPU
		{2655DEA9-D04C-44A7-8206-D6E6873D5128}.Debug|Mixed Platforms.Build.0 = Debug|Any CPU
		{2655DEA9-D04C-44A7-8206-D6E6873D5128}.Debug|x64.ActiveCfg = Debug|Any CPU
		{2655DEA9-D04C-44A7-8206-D6E6873D5128}.Debug|x64.Build.0 = Debug|Any CPU
		{2655DEA9-D04C-44A7-8206-D6E6873D5128}.Debug|x86.ActiveCfg = Debug|Any CPU
		{2655DEA9-D04C-44A7-8206-D6E6873D5128}.Debug|x86.Build.0 = Debug|Any CPU
		{2655DEA9-D04C-44A7-8206-D6E6873D5128}.Release|Any CPU.ActiveCfg = Release|Any CPU
		{2655DEA9-D04C-44A7-8206-D6E6873D5128}.Release|Any CPU.Build.0 = Release|Any CPU
		{2655DEA9-D04C-44A7-8206-D6E6873D5128}.Release|Mixed Platforms.ActiveCfg = Release|Any CPU
		{2655DEA9-D04C-44A7-8206-D6E6873D5128}.Release|Mixed Platforms.Build.0 = Release|Any CPU
		{2655DEA9-D04C-44A7-8206-D6E6873D5128}.Release|x64.ActiveCfg = Release|Any CPU
		{2655DEA9-D04C-44A7-8206-D6E6873D5128}.Release|x64.Build.0 = Release|Any CPU
		{2655DEA9-D04C-44A7-8206-D6E6873D5128}.Release|x86.ActiveCfg = Release|Any CPU
		{2655DEA9-D04C-44A7-8206-D6E6873D5128}.Release|x86.Build.0 = Release|Any CPU
		{2655DEA9-D04C-44A7-8206-D6E6873D5128}.x64 Solution Configuration|Any CPU.ActiveCfg = Debug|Any CPU
		{2655DEA9-D04C-44A7-8206-D6E6873D5128}.x64 Solution Configuration|Any CPU.Build.0 = Debug|Any CPU
		{2655DEA9-D04C-44A7-8206-D6E6873D5128}.x64 Solution Configuration|Mixed Platforms.ActiveCfg = Debug|Any CPU
		{2655DEA9-D04C-44A7-8206-D6E6873D5128}.x64 Solution Configuration|Mixed Platforms.Build.0 = Debug|Any CPU
		{2655DEA9-D04C-44A7-8206-D6E6873D5128}.x64 Solution Configuration|x64.ActiveCfg = Debug|Any CPU
		{2655DEA9-D04C-44A7-8206-D6E6873D5128}.x64 Solution Configuration|x64.Build.0 = Debug|Any CPU
		{2655DEA9-D04C-44A7-8206-D6E6873D5128}.x64 Solution Configuration|x86.ActiveCfg = Debug|Any CPU
		{2655DEA9-D04C-44A7-8206-D6E6873D5128}.x64 Solution Configuration|x86.Build.0 = Debug|Any CPU
		{4AF7100D-09D8-4D8B-8237-501F1994ED11}.Debug|Any CPU.ActiveCfg = Debug|Any CPU
		{4AF7100D-09D8-4D8B-8237-501F1994ED11}.Debug|Any CPU.Build.0 = Debug|Any CPU
		{4AF7100D-09D8-4D8B-8237-501F1994ED11}.Debug|Mixed Platforms.ActiveCfg = Debug|Any CPU
		{4AF7100D-09D8-4D8B-8237-501F1994ED11}.Debug|Mixed Platforms.Build.0 = Debug|Any CPU
		{4AF7100D-09D8-4D8B-8237-501F1994ED11}.Debug|x64.ActiveCfg = Debug|Any CPU
		{4AF7100D-09D8-4D8B-8237-501F1994ED11}.Debug|x64.Build.0 = Debug|Any CPU
		{4AF7100D-09D8-4D8B-8237-501F1994ED11}.Debug|x86.ActiveCfg = Debug|Any CPU
		{4AF7100D-09D8-4D8B-8237-501F1994ED11}.Debug|x86.Build.0 = Debug|Any CPU
		{4AF7100D-09D8-4D8B-8237-501F1994ED11}.Release|Any CPU.ActiveCfg = Release|Any CPU
		{4AF7100D-09D8-4D8B-8237-501F1994ED11}.Release|Any CPU.Build.0 = Release|Any CPU
		{4AF7100D-09D8-4D8B-8237-501F1994ED11}.Release|Mixed Platforms.ActiveCfg = Release|x64
		{4AF7100D-09D8-4D8B-8237-501F1994ED11}.Release|Mixed Platforms.Build.0 = Release|x64
		{4AF7100D-09D8-4D8B-8237-501F1994ED11}.Release|x64.ActiveCfg = Release|Any CPU
		{4AF7100D-09D8-4D8B-8237-501F1994ED11}.Release|x64.Build.0 = Release|Any CPU
		{4AF7100D-09D8-4D8B-8237-501F1994ED11}.Release|x86.ActiveCfg = Release|Any CPU
		{4AF7100D-09D8-4D8B-8237-501F1994ED11}.Release|x86.Build.0 = Release|Any CPU
		{4AF7100D-09D8-4D8B-8237-501F1994ED11}.x64 Solution Configuration|Any CPU.ActiveCfg = Debug|Any CPU
		{4AF7100D-09D8-4D8B-8237-501F1994ED11}.x64 Solution Configuration|Any CPU.Build.0 = Debug|Any CPU
		{4AF7100D-09D8-4D8B-8237-501F1994ED11}.x64 Solution Configuration|Mixed Platforms.ActiveCfg = Debug|x64
		{4AF7100D-09D8-4D8B-8237-501F1994ED11}.x64 Solution Configuration|Mixed Platforms.Build.0 = Debug|x64
		{4AF7100D-09D8-4D8B-8237-501F1994ED11}.x64 Solution Configuration|x64.ActiveCfg = Debug|x64
		{4AF7100D-09D8-4D8B-8237-501F1994ED11}.x64 Solution Configuration|x64.Build.0 = Debug|x64
		{4AF7100D-09D8-4D8B-8237-501F1994ED11}.x64 Solution Configuration|x86.ActiveCfg = Debug|Any CPU
		{4AF7100D-09D8-4D8B-8237-501F1994ED11}.x64 Solution Configuration|x86.Build.0 = Debug|Any CPU
		{C357C5F3-1F29-45A8-B13C-3B1D30CF4295}.Debug|Any CPU.ActiveCfg = Debug|Any CPU
		{C357C5F3-1F29-45A8-B13C-3B1D30CF4295}.Debug|Any CPU.Build.0 = Debug|Any CPU
		{C357C5F3-1F29-45A8-B13C-3B1D30CF4295}.Debug|Mixed Platforms.ActiveCfg = Debug|Any CPU
		{C357C5F3-1F29-45A8-B13C-3B1D30CF4295}.Debug|Mixed Platforms.Build.0 = Debug|Any CPU
		{C357C5F3-1F29-45A8-B13C-3B1D30CF4295}.Debug|x64.ActiveCfg = Debug|Any CPU
		{C357C5F3-1F29-45A8-B13C-3B1D30CF4295}.Debug|x64.Build.0 = Debug|Any CPU
		{C357C5F3-1F29-45A8-B13C-3B1D30CF4295}.Debug|x86.ActiveCfg = Debug|Any CPU
		{C357C5F3-1F29-45A8-B13C-3B1D30CF4295}.Debug|x86.Build.0 = Debug|Any CPU
		{C357C5F3-1F29-45A8-B13C-3B1D30CF4295}.Release|Any CPU.ActiveCfg = Release|Any CPU
		{C357C5F3-1F29-45A8-B13C-3B1D30CF4295}.Release|Any CPU.Build.0 = Release|Any CPU
		{C357C5F3-1F29-45A8-B13C-3B1D30CF4295}.Release|Mixed Platforms.ActiveCfg = Release|x64
		{C357C5F3-1F29-45A8-B13C-3B1D30CF4295}.Release|Mixed Platforms.Build.0 = Release|x64
		{C357C5F3-1F29-45A8-B13C-3B1D30CF4295}.Release|x64.ActiveCfg = Release|Any CPU
		{C357C5F3-1F29-45A8-B13C-3B1D30CF4295}.Release|x64.Build.0 = Release|Any CPU
		{C357C5F3-1F29-45A8-B13C-3B1D30CF4295}.Release|x86.ActiveCfg = Release|Any CPU
		{C357C5F3-1F29-45A8-B13C-3B1D30CF4295}.Release|x86.Build.0 = Release|Any CPU
		{C357C5F3-1F29-45A8-B13C-3B1D30CF4295}.x64 Solution Configuration|Any CPU.ActiveCfg = Debug|Any CPU
		{C357C5F3-1F29-45A8-B13C-3B1D30CF4295}.x64 Solution Configuration|Any CPU.Build.0 = Debug|Any CPU
		{C357C5F3-1F29-45A8-B13C-3B1D30CF4295}.x64 Solution Configuration|Mixed Platforms.ActiveCfg = Debug|x64
		{C357C5F3-1F29-45A8-B13C-3B1D30CF4295}.x64 Solution Configuration|Mixed Platforms.Build.0 = Debug|x64
		{C357C5F3-1F29-45A8-B13C-3B1D30CF4295}.x64 Solution Configuration|x64.ActiveCfg = Debug|x64
		{C357C5F3-1F29-45A8-B13C-3B1D30CF4295}.x64 Solution Configuration|x64.Build.0 = Debug|x64
		{C357C5F3-1F29-45A8-B13C-3B1D30CF4295}.x64 Solution Configuration|x86.ActiveCfg = Debug|Any CPU
		{C357C5F3-1F29-45A8-B13C-3B1D30CF4295}.x64 Solution Configuration|x86.Build.0 = Debug|Any CPU
		{8460548C-48CF-4673-BB8C-46A7BDBE0BDA}.Debug|Any CPU.ActiveCfg = Debug|Any CPU
		{8460548C-48CF-4673-BB8C-46A7BDBE0BDA}.Debug|Any CPU.Build.0 = Debug|Any CPU
		{8460548C-48CF-4673-BB8C-46A7BDBE0BDA}.Debug|Mixed Platforms.ActiveCfg = Debug|Any CPU
		{8460548C-48CF-4673-BB8C-46A7BDBE0BDA}.Debug|Mixed Platforms.Build.0 = Debug|Any CPU
		{8460548C-48CF-4673-BB8C-46A7BDBE0BDA}.Debug|x64.ActiveCfg = Debug|Any CPU
		{8460548C-48CF-4673-BB8C-46A7BDBE0BDA}.Debug|x64.Build.0 = Debug|Any CPU
		{8460548C-48CF-4673-BB8C-46A7BDBE0BDA}.Debug|x86.ActiveCfg = Debug|Any CPU
		{8460548C-48CF-4673-BB8C-46A7BDBE0BDA}.Debug|x86.Build.0 = Debug|Any CPU
		{8460548C-48CF-4673-BB8C-46A7BDBE0BDA}.Release|Any CPU.ActiveCfg = Release|Any CPU
		{8460548C-48CF-4673-BB8C-46A7BDBE0BDA}.Release|Any CPU.Build.0 = Release|Any CPU
		{8460548C-48CF-4673-BB8C-46A7BDBE0BDA}.Release|Mixed Platforms.ActiveCfg = Release|Any CPU
		{8460548C-48CF-4673-BB8C-46A7BDBE0BDA}.Release|Mixed Platforms.Build.0 = Release|Any CPU
		{8460548C-48CF-4673-BB8C-46A7BDBE0BDA}.Release|x64.ActiveCfg = Release|Any CPU
		{8460548C-48CF-4673-BB8C-46A7BDBE0BDA}.Release|x64.Build.0 = Release|Any CPU
		{8460548C-48CF-4673-BB8C-46A7BDBE0BDA}.Release|x86.ActiveCfg = Release|Any CPU
		{8460548C-48CF-4673-BB8C-46A7BDBE0BDA}.Release|x86.Build.0 = Release|Any CPU
		{8460548C-48CF-4673-BB8C-46A7BDBE0BDA}.x64 Solution Configuration|Any CPU.ActiveCfg = Debug|Any CPU
		{8460548C-48CF-4673-BB8C-46A7BDBE0BDA}.x64 Solution Configuration|Any CPU.Build.0 = Debug|Any CPU
		{8460548C-48CF-4673-BB8C-46A7BDBE0BDA}.x64 Solution Configuration|Mixed Platforms.ActiveCfg = Debug|Any CPU
		{8460548C-48CF-4673-BB8C-46A7BDBE0BDA}.x64 Solution Configuration|Mixed Platforms.Build.0 = Debug|Any CPU
		{8460548C-48CF-4673-BB8C-46A7BDBE0BDA}.x64 Solution Configuration|x64.ActiveCfg = Debug|Any CPU
		{8460548C-48CF-4673-BB8C-46A7BDBE0BDA}.x64 Solution Configuration|x64.Build.0 = Debug|Any CPU
		{8460548C-48CF-4673-BB8C-46A7BDBE0BDA}.x64 Solution Configuration|x86.ActiveCfg = Debug|Any CPU
		{8460548C-48CF-4673-BB8C-46A7BDBE0BDA}.x64 Solution Configuration|x86.Build.0 = Debug|Any CPU
		{214F9843-9033-489C-B26F-5D4AB45F4C52}.Debug|Any CPU.ActiveCfg = Debug|Any CPU
		{214F9843-9033-489C-B26F-5D4AB45F4C52}.Debug|Any CPU.Build.0 = Debug|Any CPU
		{214F9843-9033-489C-B26F-5D4AB45F4C52}.Debug|Mixed Platforms.ActiveCfg = Debug|Any CPU
		{214F9843-9033-489C-B26F-5D4AB45F4C52}.Debug|Mixed Platforms.Build.0 = Debug|Any CPU
		{214F9843-9033-489C-B26F-5D4AB45F4C52}.Debug|x64.ActiveCfg = Debug|Any CPU
		{214F9843-9033-489C-B26F-5D4AB45F4C52}.Debug|x64.Build.0 = Debug|Any CPU
		{214F9843-9033-489C-B26F-5D4AB45F4C52}.Debug|x86.ActiveCfg = Debug|Any CPU
		{214F9843-9033-489C-B26F-5D4AB45F4C52}.Debug|x86.Build.0 = Debug|Any CPU
		{214F9843-9033-489C-B26F-5D4AB45F4C52}.Release|Any CPU.ActiveCfg = Release|Any CPU
		{214F9843-9033-489C-B26F-5D4AB45F4C52}.Release|Any CPU.Build.0 = Release|Any CPU
		{214F9843-9033-489C-B26F-5D4AB45F4C52}.Release|Mixed Platforms.ActiveCfg = Release|Any CPU
		{214F9843-9033-489C-B26F-5D4AB45F4C52}.Release|Mixed Platforms.Build.0 = Release|Any CPU
		{214F9843-9033-489C-B26F-5D4AB45F4C52}.Release|x64.ActiveCfg = Release|Any CPU
		{214F9843-9033-489C-B26F-5D4AB45F4C52}.Release|x64.Build.0 = Release|Any CPU
		{214F9843-9033-489C-B26F-5D4AB45F4C52}.Release|x86.ActiveCfg = Release|Any CPU
		{214F9843-9033-489C-B26F-5D4AB45F4C52}.Release|x86.Build.0 = Release|Any CPU
		{214F9843-9033-489C-B26F-5D4AB45F4C52}.x64 Solution Configuration|Any CPU.ActiveCfg = Debug|Any CPU
		{214F9843-9033-489C-B26F-5D4AB45F4C52}.x64 Solution Configuration|Any CPU.Build.0 = Debug|Any CPU
		{214F9843-9033-489C-B26F-5D4AB45F4C52}.x64 Solution Configuration|Mixed Platforms.ActiveCfg = Debug|Any CPU
		{214F9843-9033-489C-B26F-5D4AB45F4C52}.x64 Solution Configuration|Mixed Platforms.Build.0 = Debug|Any CPU
		{214F9843-9033-489C-B26F-5D4AB45F4C52}.x64 Solution Configuration|x64.ActiveCfg = Debug|Any CPU
		{214F9843-9033-489C-B26F-5D4AB45F4C52}.x64 Solution Configuration|x64.Build.0 = Debug|Any CPU
		{214F9843-9033-489C-B26F-5D4AB45F4C52}.x64 Solution Configuration|x86.ActiveCfg = Debug|Any CPU
		{214F9843-9033-489C-B26F-5D4AB45F4C52}.x64 Solution Configuration|x86.Build.0 = Debug|Any CPU
		{52816524-F59A-49D4-A59E-622590CF2857}.Debug|Any CPU.ActiveCfg = Debug|Any CPU
		{52816524-F59A-49D4-A59E-622590CF2857}.Debug|Any CPU.Build.0 = Debug|Any CPU
		{52816524-F59A-49D4-A59E-622590CF2857}.Debug|Mixed Platforms.ActiveCfg = Debug|Any CPU
		{52816524-F59A-49D4-A59E-622590CF2857}.Debug|Mixed Platforms.Build.0 = Debug|Any CPU
		{52816524-F59A-49D4-A59E-622590CF2857}.Debug|x64.ActiveCfg = Debug|Any CPU
		{52816524-F59A-49D4-A59E-622590CF2857}.Debug|x64.Build.0 = Debug|Any CPU
		{52816524-F59A-49D4-A59E-622590CF2857}.Debug|x86.ActiveCfg = Debug|Any CPU
		{52816524-F59A-49D4-A59E-622590CF2857}.Debug|x86.Build.0 = Debug|Any CPU
		{52816524-F59A-49D4-A59E-622590CF2857}.Release|Any CPU.ActiveCfg = Release|Any CPU
		{52816524-F59A-49D4-A59E-622590CF2857}.Release|Any CPU.Build.0 = Release|Any CPU
		{52816524-F59A-49D4-A59E-622590CF2857}.Release|Mixed Platforms.ActiveCfg = Release|Any CPU
		{52816524-F59A-49D4-A59E-622590CF2857}.Release|Mixed Platforms.Build.0 = Release|Any CPU
		{52816524-F59A-49D4-A59E-622590CF2857}.Release|x64.ActiveCfg = Release|Any CPU
		{52816524-F59A-49D4-A59E-622590CF2857}.Release|x64.Build.0 = Release|Any CPU
		{52816524-F59A-49D4-A59E-622590CF2857}.Release|x86.ActiveCfg = Release|Any CPU
		{52816524-F59A-49D4-A59E-622590CF2857}.Release|x86.Build.0 = Release|Any CPU
		{52816524-F59A-49D4-A59E-622590CF2857}.x64 Solution Configuration|Any CPU.ActiveCfg = Debug|Any CPU
		{52816524-F59A-49D4-A59E-622590CF2857}.x64 Solution Configuration|Any CPU.Build.0 = Debug|Any CPU
		{52816524-F59A-49D4-A59E-622590CF2857}.x64 Solution Configuration|Mixed Platforms.ActiveCfg = Debug|Any CPU
		{52816524-F59A-49D4-A59E-622590CF2857}.x64 Solution Configuration|Mixed Platforms.Build.0 = Debug|Any CPU
		{52816524-F59A-49D4-A59E-622590CF2857}.x64 Solution Configuration|x64.ActiveCfg = Debug|Any CPU
		{52816524-F59A-49D4-A59E-622590CF2857}.x64 Solution Configuration|x64.Build.0 = Debug|Any CPU
		{52816524-F59A-49D4-A59E-622590CF2857}.x64 Solution Configuration|x86.ActiveCfg = Debug|Any CPU
		{52816524-F59A-49D4-A59E-622590CF2857}.x64 Solution Configuration|x86.Build.0 = Debug|Any CPU
	EndGlobalSection
	GlobalSection(SolutionProperties) = preSolution
		HideSolutionNode = FALSE
	EndGlobalSection
	GlobalSection(NestedProjects) = preSolution
		{B3442102-EEAC-4883-BE74-9CF1826F5A28} = {6CD59175-6606-4E1A-B171-CF631615BF0F}
		{F5CD7EED-59FB-4A2C-A72C-2F489A24FE44} = {6CD59175-6606-4E1A-B171-CF631615BF0F}
		{2655DEA9-D04C-44A7-8206-D6E6873D5128} = {6CD59175-6606-4E1A-B171-CF631615BF0F}
		{4AF7100D-09D8-4D8B-8237-501F1994ED11} = {69D5B1B9-1EF1-47EC-8FAF-88D5D2CF0A2C}
		{C357C5F3-1F29-45A8-B13C-3B1D30CF4295} = {69D5B1B9-1EF1-47EC-8FAF-88D5D2CF0A2C}
		{8460548C-48CF-4673-BB8C-46A7BDBE0BDA} = {29F8844D-3B39-4CC7-8502-19310854A064}
		{214F9843-9033-489C-B26F-5D4AB45F4C52} = {29F8844D-3B39-4CC7-8502-19310854A064}
		{52816524-F59A-49D4-A59E-622590CF2857} = {69D5B1B9-1EF1-47EC-8FAF-88D5D2CF0A2C}
	EndGlobalSection
	GlobalSection(ExtensibilityGlobals) = postSolution
		SolutionGuid = {1A9F9E1B-42CB-4795-9257-228BA3F6A766}
	EndGlobalSection
	GlobalSection(Performance) = preSolution
		HasPerformanceSessions = true
	EndGlobalSection
	GlobalSection(Performance) = preSolution
		HasPerformanceSessions = true
	EndGlobalSection
EndGlobal
